
Microsoft Visual Studio Solution File, Format Version 12.00
# Visual Studio Version 17
VisualStudioVersion = 17.10.35013.160
MinimumVisualStudioVersion = 10.0.40219.1
Project("{FAE04EC0-301F-11D3-BF4B-00C04F79EFBC}") = "Design-Patterns", "Design-Patterns.csproj", "{4D9F59FF-EE7C-4496-9E1A-B31B3D5BBC1A}"
EndProject
Project("{FAE04EC0-301F-11D3-BF4B-00C04F79EFBC}") = "CreationalDesignPatterns", "..\CreationalDesignPatterns\CreationalDesignPatterns.csproj", "{9C234380-620D-4B9D-9CB1-BA00AD3F4F8D}"
EndProject
Global
	GlobalSection(SolutionConfigurationPlatforms) = preSolution
		Debug|Any CPU = Debug|Any CPU
		Release|Any CPU = Release|Any CPU
	EndGlobalSection
	GlobalSection(ProjectConfigurationPlatforms) = postSolution
		{4D9F59FF-EE7C-4496-9E1A-B31B3D5BBC1A}.Debug|Any CPU.ActiveCfg = Debug|Any CPU
		{4D9F59FF-EE7C-4496-9E1A-B31B3D5BBC1A}.Debug|Any CPU.Build.0 = Debug|Any CPU
		{4D9F59FF-EE7C-4496-9E1A-B31B3D5BBC1A}.Release|Any CPU.ActiveCfg = Release|Any CPU
		{4D9F59FF-EE7C-4496-9E1A-B31B3D5BBC1A}.Release|Any CPU.Build.0 = Release|Any CPU
		{9C234380-620D-4B9D-9CB1-BA00AD3F4F8D}.Debug|Any CPU.ActiveCfg = Debug|Any CPU
		{9C234380-620D-4B9D-9CB1-BA00AD3F4F8D}.Debug|Any CPU.Build.0 = Debug|Any CPU
		{9C234380-620D-4B9D-9CB1-BA00AD3F4F8D}.Release|Any CPU.ActiveCfg = Release|Any CPU
		{9C234380-620D-4B9D-9CB1-BA00AD3F4F8D}.Release|Any CPU.Build.0 = Release|Any CPU
	EndGlobalSection
	GlobalSection(SolutionProperties) = preSolution
		HideSolutionNode = FALSE
	EndGlobalSection
	GlobalSection(ExtensibilityGlobals) = postSolution
		SolutionGuid = {013D8285-DFB6-4D0F-8A4B-65A23248BFDD}
	EndGlobalSection
EndGlobal
